
Microsoft Visual Studio Solution File, Format Version 12.00
# Visual Studio Version 17
VisualStudioVersion = 17.4.33403.182
MinimumVisualStudioVersion = 10.0.40219.1
Project("{8BC9CEB8-8B4A-11D0-8D11-00A0C91BC942}") = "laba 3 yamp", "laba 3 yamp\laba 3 yamp.vcxproj", "{4452C8BF-A8B5-4001-AEE6-522593E2E343}"
EndProject
Global
	GlobalSection(SolutionConfigurationPlatforms) = preSolution
		Debug|x64 = Debug|x64
		Debug|x86 = Debug|x86
		Release|x64 = Release|x64
		Release|x86 = Release|x86
	EndGlobalSection
	GlobalSection(ProjectConfigurationPlatforms) = postSolution
		{4452C8BF-A8B5-4001-AEE6-522593E2E343}.Debug|x64.ActiveCfg = Debug|x64
		{4452C8BF-A8B5-4001-AEE6-522593E2E343}.Debug|x64.Build.0 = Debug|x64
		{4452C8BF-A8B5-4001-AEE6-522593E2E343}.Debug|x86.ActiveCfg = Debug|Win32
		{4452C8BF-A8B5-4001-AEE6-522593E2E343}.Debug|x86.Build.0 = Debug|Win32
		{4452C8BF-A8B5-4001-AEE6-522593E2E343}.Release|x64.ActiveCfg = Release|x64
		{4452C8BF-A8B5-4001-AEE6-522593E2E343}.Release|x64.Build.0 = Release|x64
		{4452C8BF-A8B5-4001-AEE6-522593E2E343}.Release|x86.ActiveCfg = Release|Win32
		{4452C8BF-A8B5-4001-AEE6-522593E2E343}.Release|x86.Build.0 = Release|Win32
	EndGlobalSection
	GlobalSection(SolutionProperties) = preSolution
		HideSolutionNode = FALSE
	EndGlobalSection
	GlobalSection(ExtensibilityGlobals) = postSolution
		SolutionGuid = {0D954E1F-3890-4474-B75C-F3E0837A0939}
	EndGlobalSection
EndGlobal
